PODS:
  - Alamofire (4.8.2)
  - AWSCore (2.9.10)
  - AWSS3 (2.9.10):
    - AWSCore (= 2.9.10)
  - CropViewController (2.5.0)
  - GSImageViewerController (1.6.0)
  - YoutubePlayerView (1.0.2)

DEPENDENCIES:
  - Alamofire (~> 4.8.1)
  - AWSS3 (~> 2.9.10)
  - CropViewController (~> 2.5.0)
  - GSImageViewerController (~> 1.6.0)
  - YoutubePlayerView

SPEC REPOS:
  https://github.com/cocoapods/specs.git:
    - Alamofire
    - AWSCore
    - AWSS3
    - CropViewController
    - GSImageViewerController
    - YoutubePlayerView

SPEC CHECKSUMS:
  Alamofire: ae5c501addb7afdbb13687d7f2f722c78734c2d3
  AWSCore: 22b6bbc6761ca9981d878155d11bc02edd681a64
  AWSS3: fe0221519fe4d05adf4c3fdf0cb4477f5e433ee6
  CropViewController: 6c962d6fb264cc5cb325b622d5029d50c6c43e72
  GSImageViewerController: 397f8954afac8bd1c3a75c630e3c4ab4c4a4dfe3
  YoutubePlayerView: 980ab5f696e50006c27f858db501590a7d9d36a3

PODFILE CHECKSUM: 31451f0c9ab7319e163cd806b32646e956947024

COCOAPODS: 1.7.1
